
Microsoft Visual Studio Solution File, Format Version 12.00
# Visual Studio Version 17
VisualStudioVersion = 17.14.36518.9
MinimumVisualStudioVersion = 10.0.40219.1
Project("{FAE04EC0-301F-11D3-BF4B-00C04F79EFBC}") = "01_MainSubjects", "01_MainSubjects\01_MainSubjects.csproj", "{943F14AC-EF35-4C40-B557-847E758017F4}"
EndProject
Project("{FAE04EC0-301F-11D3-BF4B-00C04F79EFBC}") = "02_Variables", "02_Variables\02_Variables.csproj", "{8D946381-4C1C-4FEC-92D1-04A9644BA3AA}"
EndProject
Project("{FAE04EC0-301F-11D3-BF4B-00C04F79EFBC}") = "03_MakingDecision", "03_MakingDecision\03_MakingDecision.csproj", "{3EF60A3C-EB54-425F-BD3D-FD6736F9DD12}"
EndProject
Project("{FAE04EC0-301F-11D3-BF4B-00C04F79EFBC}") = "04_Loops", "04_Loops\04_Loops.csproj", "{93263989-331B-4FE1-B6F1-1531B8442F7B}"
EndProject
Project("{FAE04EC0-301F-11D3-BF4B-00C04F79EFBC}") = "05_LoopsWithStars", "05_LoopsWithStars\05_LoopsWithStars.csproj", "{12914DE0-A22D-4340-8B14-0823C40B3EF2}"
EndProject
Project("{FAE04EC0-301F-11D3-BF4B-00C04F79EFBC}") = "06_Arrays", "06_Arrays\06_Arrays.csproj", "{983E6953-E8F8-4E23-99B5-E76365DA3B9F}"
EndProject
Project("{FAE04EC0-301F-11D3-BF4B-00C04F79EFBC}") = "07_ForeachLoop", "07_ForeachLoop\07_ForeachLoop.csproj", "{6E80150D-B720-43EE-8B17-091005F13659}"
EndProject
Project("{FAE04EC0-301F-11D3-BF4B-00C04F79EFBC}") = "08_Methods", "08_Methods\08_Methods.csproj", "{4EE60035-F607-4D35-9378-2FAD6A810AAD}"
EndProject
Project("{FAE04EC0-301F-11D3-BF4B-00C04F79EFBC}") = "09_DatabaseProject", "09_DatabaseProject\09_DatabaseProject.csproj", "{9ACF1E12-75DD-4FC3-99C8-4D51727498C0}"
EndProject
Project("{FAE04EC0-301F-11D3-BF4B-00C04F79EFBC}") = "10_DatabaseCrud", "10_DatabaseCrud\10_DatabaseCrud.csproj", "{D0C478B4-6B11-45F0-853E-D6FBA20D9B9B}"
EndProject
Global
	GlobalSection(SolutionConfigurationPlatforms) = preSolution
		Debug|Any CPU = Debug|Any CPU
		Release|Any CPU = Release|Any CPU
	EndGlobalSection
	GlobalSection(ProjectConfigurationPlatforms) = postSolution
		{943F14AC-EF35-4C40-B557-847E758017F4}.Debug|Any CPU.ActiveCfg = Debug|Any CPU
		{943F14AC-EF35-4C40-B557-847E758017F4}.Debug|Any CPU.Build.0 = Debug|Any CPU
		{943F14AC-EF35-4C40-B557-847E758017F4}.Release|Any CPU.ActiveCfg = Release|Any CPU
		{943F14AC-EF35-4C40-B557-847E758017F4}.Release|Any CPU.Build.0 = Release|Any CPU
		{8D946381-4C1C-4FEC-92D1-04A9644BA3AA}.Debug|Any CPU.ActiveCfg = Debug|Any CPU
		{8D946381-4C1C-4FEC-92D1-04A9644BA3AA}.Debug|Any CPU.Build.0 = Debug|Any CPU
		{8D946381-4C1C-4FEC-92D1-04A9644BA3AA}.Release|Any CPU.ActiveCfg = Release|Any CPU
		{8D946381-4C1C-4FEC-92D1-04A9644BA3AA}.Release|Any CPU.Build.0 = Release|Any CPU
		{3EF60A3C-EB54-425F-BD3D-FD6736F9DD12}.Debug|Any CPU.ActiveCfg = Debug|Any CPU
		{3EF60A3C-EB54-425F-BD3D-FD6736F9DD12}.Debug|Any CPU.Build.0 = Debug|Any CPU
		{3EF60A3C-EB54-425F-BD3D-FD6736F9DD12}.Release|Any CPU.ActiveCfg = Release|Any CPU
		{3EF60A3C-EB54-425F-BD3D-FD6736F9DD12}.Release|Any CPU.Build.0 = Release|Any CPU
		{93263989-331B-4FE1-B6F1-1531B8442F7B}.Debug|Any CPU.ActiveCfg = Debug|Any CPU
		{93263989-331B-4FE1-B6F1-1531B8442F7B}.Debug|Any CPU.Build.0 = Debug|Any CPU
		{93263989-331B-4FE1-B6F1-1531B8442F7B}.Release|Any CPU.ActiveCfg = Release|Any CPU
		{93263989-331B-4FE1-B6F1-1531B8442F7B}.Release|Any CPU.Build.0 = Release|Any CPU
		{12914DE0-A22D-4340-8B14-0823C40B3EF2}.Debug|Any CPU.ActiveCfg = Debug|Any CPU
		{12914DE0-A22D-4340-8B14-0823C40B3EF2}.Debug|Any CPU.Build.0 = Debug|Any CPU
		{12914DE0-A22D-4340-8B14-0823C40B3EF2}.Release|Any CPU.ActiveCfg = Release|Any CPU
		{12914DE0-A22D-4340-8B14-0823C40B3EF2}.Release|Any CPU.Build.0 = Release|Any CPU
		{983E6953-E8F8-4E23-99B5-E76365DA3B9F}.Debug|Any CPU.ActiveCfg = Debug|Any CPU
		{983E6953-E8F8-4E23-99B5-E76365DA3B9F}.Debug|Any CPU.Build.0 = Debug|Any CPU
		{983E6953-E8F8-4E23-99B5-E76365DA3B9F}.Release|Any CPU.ActiveCfg = Release|Any CPU
		{983E6953-E8F8-4E23-99B5-E76365DA3B9F}.Release|Any CPU.Build.0 = Release|Any CPU
		{6E80150D-B720-43EE-8B17-091005F13659}.Debug|Any CPU.ActiveCfg = Debug|Any CPU
		{6E80150D-B720-43EE-8B17-091005F13659}.Debug|Any CPU.Build.0 = Debug|Any CPU
		{6E80150D-B720-43EE-8B17-091005F13659}.Release|Any CPU.ActiveCfg = Release|Any CPU
		{6E80150D-B720-43EE-8B17-091005F13659}.Release|Any CPU.Build.0 = Release|Any CPU
		{4EE60035-F607-4D35-9378-2FAD6A810AAD}.Debug|Any CPU.ActiveCfg = Debug|Any CPU
		{4EE60035-F607-4D35-9378-2FAD6A810AAD}.Debug|Any CPU.Build.0 = Debug|Any CPU
		{4EE60035-F607-4D35-9378-2FAD6A810AAD}.Release|Any CPU.ActiveCfg = Release|Any CPU
		{4EE60035-F607-4D35-9378-2FAD6A810AAD}.Release|Any CPU.Build.0 = Release|Any CPU
		{9ACF1E12-75DD-4FC3-99C8-4D51727498C0}.Debug|Any CPU.ActiveCfg = Debug|Any CPU
		{9ACF1E12-75DD-4FC3-99C8-4D51727498C0}.Debug|Any CPU.Build.0 = Debug|Any CPU
		{9ACF1E12-75DD-4FC3-99C8-4D51727498C0}.Release|Any CPU.ActiveCfg = Release|Any CPU
		{9ACF1E12-75DD-4FC3-99C8-4D51727498C0}.Release|Any CPU.Build.0 = Release|Any CPU
		{D0C478B4-6B11-45F0-853E-D6FBA20D9B9B}.Debug|Any CPU.ActiveCfg = Debug|Any CPU
		{D0C478B4-6B11-45F0-853E-D6FBA20D9B9B}.Debug|Any CPU.Build.0 = Debug|Any CPU
		{D0C478B4-6B11-45F0-853E-D6FBA20D9B9B}.Release|Any CPU.ActiveCfg = Release|Any CPU
		{D0C478B4-6B11-45F0-853E-D6FBA20D9B9B}.Release|Any CPU.Build.0 = Release|Any CPU
	EndGlobalSection
	GlobalSection(SolutionProperties) = preSolution
		HideSolutionNode = FALSE
	EndGlobalSection
	GlobalSection(ExtensibilityGlobals) = postSolution
		SolutionGuid = {BD354AE2-0F14-4E64-8700-5EBB45D3B936}
	EndGlobalSection
EndGlobal
